
Microsoft Visual Studio Solution File, Format Version 12.00
# Visual Studio Version 16
VisualStudioVersion = 16.0.31205.134
MinimumVisualStudioVersion = 10.0.40219.1
Project("{FAE04EC0-301F-11D3-BF4B-00C04F79EFBC}") = "SUTEL", "SUTEL\SUTEL.csproj", "{8B8CDF1E-E7E7-4484-B32F-3415EAE44EBD}"
EndProject
Global
	GlobalSection(SolutionConfigurationPlatforms) = preSolution
		Debug|Any CPU = Debug|Any CPU
		Release|Any CPU = Release|Any CPU
	EndGlobalSection
	GlobalSection(ProjectConfigurationPlatforms) = postSolution
		{8B8CDF1E-E7E7-4484-B32F-3415EAE44EBD}.Debug|Any CPU.ActiveCfg = Debug|Any CPU
		{8B8CDF1E-E7E7-4484-B32F-3415EAE44EBD}.Debug|Any CPU.Build.0 = Debug|Any CPU
		{8B8CDF1E-E7E7-4484-B32F-3415EAE44EBD}.Release|Any CPU.ActiveCfg = Release|Any CPU
		{8B8CDF1E-E7E7-4484-B32F-3415EAE44EBD}.Release|Any CPU.Build.0 = Release|Any CPU
	EndGlobalSection
	GlobalSection(SolutionProperties) = preSolution
		HideSolutionNode = FALSE
	EndGlobalSection
	GlobalSection(ExtensibilityGlobals) = postSolution
		SolutionGuid = {9E8F2EC8-2461-4B3F-83A1-E7A5761B517D}
	EndGlobalSection
EndGlobal
